
Microsoft Visual Studio Solution File, Format Version 12.00
# Visual Studio Version 17
VisualStudioVersion = 17.5.002.0
MinimumVisualStudioVersion = 10.0.40219.1
Project("{2150E333-8FDC-42A3-9474-1A3956D46DE8}") = "csharp-prep", "csharp-prep", "{AD4B216F-798E-4721-BD4C-5E16FD594BBA}"
EndProject
Project("{9A19103F-16F7-4668-BE54-9A1E7A4F7556}") = "Prep1", "csharp-prep\Prep1\Prep1.csproj", "{68EB001A-D56C-45D3-A3DE-6BD61F3F4E3C}"
EndProject
Project("{9A19103F-16F7-4668-BE54-9A1E7A4F7556}") = "Prep2", "csharp-prep\Prep2\Prep2.csproj", "{F59868C9-2B89-4675-8717-EEE3C2ECDEE2}"
EndProject
Project("{9A19103F-16F7-4668-BE54-9A1E7A4F7556}") = "Prep3", "csharp-prep\Prep3\Prep3.csproj", "{D4A12715-7324-435E-8394-9CA156A3706E}"
EndProject
Project("{9A19103F-16F7-4668-BE54-9A1E7A4F7556}") = "Prep4", "csharp-prep\Prep4\Prep4.csproj", "{75296E67-F124-4FCC-89AB-2D9E8CF00934}"
EndProject
Project("{9A19103F-16F7-4668-BE54-9A1E7A4F7556}") = "Prep5", "csharp-prep\Prep5\Prep5.csproj", "{318F0783-C67E-42EC-B537-E5316802EE74}"
EndProject
Project("{2150E333-8FDC-42A3-9474-1A3956D46DE8}") = "final", "final", "{436F10D5-4F19-4535-A2C1-D3D2C56E8595}"
EndProject
Project("{9A19103F-16F7-4668-BE54-9A1E7A4F7556}") = "FinalProject", "final\FinalProject\FinalProject.csproj", "{2CD87397-B662-4D80-8F31-A6FB55425720}"
EndProject
Project("{9A19103F-16F7-4668-BE54-9A1E7A4F7556}") = "Foundation1", "final\Foundation1\Foundation1.csproj", "{1C87695C-1E09-404E-B3C5-5CFF08EDD2FC}"
EndProject
Project("{9A19103F-16F7-4668-BE54-9A1E7A4F7556}") = "Foundation2", "final\Foundation2\Foundation2.csproj", "{6C2DD28C-8D5E-466C-991F-894FD0F88A70}"
EndProject
Project("{9A19103F-16F7-4668-BE54-9A1E7A4F7556}") = "Foundation3", "final\Foundation3\Foundation3.csproj", "{3B746BCA-AB2D-4413-A8A9-10CC0E7FADF5}"
EndProject
Project("{9A19103F-16F7-4668-BE54-9A1E7A4F7556}") = "Foundation4", "final\Foundation4\Foundation4.csproj", "{FF513956-55A9-4D7A-A098-3DE8F64410A4}"
EndProject
Project("{2150E333-8FDC-42A3-9474-1A3956D46DE8}") = "prepare", "prepare", "{0E7F6447-29ED-45D4-83AB-1499A5FD7F2F}"
EndProject
Project("{9A19103F-16F7-4668-BE54-9A1E7A4F7556}") = "Learning02", "prepare\Learning02\Learning02.csproj", "{726E10D8-7925-4A72-93D8-832BAA5A20D7}"
EndProject
Project("{9A19103F-16F7-4668-BE54-9A1E7A4F7556}") = "Learning03", "prepare\Learning03\Learning03.csproj", "{EE978243-FE57-4692-9063-B3434ED69CA9}"
EndProject
Project("{9A19103F-16F7-4668-BE54-9A1E7A4F7556}") = "Learning04", "prepare\Learning04\Learning04.csproj", "{801523C2-CA45-4B8C-8033-9AD4303E486F}"
EndProject
Project("{9A19103F-16F7-4668-BE54-9A1E7A4F7556}") = "Learning05", "prepare\Learning05\Learning05.csproj", "{5D93A818-F0BB-4920-999E-F5CB7F34E884}"
EndProject
Project("{2150E333-8FDC-42A3-9474-1A3956D46DE8}") = "prove", "prove", "{7A99BA07-A88B-4946-9087-46FF1BCDD0AC}"
EndProject
Project("{9A19103F-16F7-4668-BE54-9A1E7A4F7556}") = "Develop02", "prove\Develop02\Develop02.csproj", "{2B9EF959-F314-4A38-84E7-9EF0188E0C06}"
EndProject
Project("{9A19103F-16F7-4668-BE54-9A1E7A4F7556}") = "Develop03", "prove\Develop03\Develop03.csproj", "{2C25E587-8095-4D47-BF00-644E31675DAE}"
EndProject
Project("{9A19103F-16F7-4668-BE54-9A1E7A4F7556}") = "Develop04", "prove\Develop04\Develop04.csproj", "{0DFC58DD-3113-43AE-9A5E-157DD6017F21}"
EndProject
Project("{9A19103F-16F7-4668-BE54-9A1E7A4F7556}") = "Develop05", "prove\Develop05\Develop05.csproj", "{C5C39BDB-2FA0-4613-B869-D898FDB60FC2}"
EndProject
Project("{2150E333-8FDC-42A3-9474-1A3956D46DE8}") = "sandbox", "sandbox", "{CCA82B09-4BD2-4881-B1D0-A5C39318B235}"
EndProject
Project("{9A19103F-16F7-4668-BE54-9A1E7A4F7556}") = "Sandbox", "sandbox\Sandbox\Sandbox.csproj", "{0612F53C-2434-4B0A-89D9-5C7B7C353557}"
EndProject
Global
	GlobalSection(SolutionConfigurationPlatforms) = preSolution
		Debug|Any CPU = Debug|Any CPU
		Release|Any CPU = Release|Any CPU
	EndGlobalSection
	GlobalSection(ProjectConfigurationPlatforms) = postSolution
		{68EB001A-D56C-45D3-A3DE-6BD61F3F4E3C}.Debug|Any CPU.ActiveCfg = Debug|Any CPU
		{68EB001A-D56C-45D3-A3DE-6BD61F3F4E3C}.Debug|Any CPU.Build.0 = Debug|Any CPU
		{68EB001A-D56C-45D3-A3DE-6BD61F3F4E3C}.Release|Any CPU.ActiveCfg = Release|Any CPU
		{68EB001A-D56C-45D3-A3DE-6BD61F3F4E3C}.Release|Any CPU.Build.0 = Release|Any CPU
		{F59868C9-2B89-4675-8717-EEE3C2ECDEE2}.Debug|Any CPU.ActiveCfg = Debug|Any CPU
		{F59868C9-2B89-4675-8717-EEE3C2ECDEE2}.Debug|Any CPU.Build.0 = Debug|Any CPU
		{F59868C9-2B89-4675-8717-EEE3C2ECDEE2}.Release|Any CPU.ActiveCfg = Release|Any CPU
		{F59868C9-2B89-4675-8717-EEE3C2ECDEE2}.Release|Any CPU.Build.0 = Release|Any CPU
		{D4A12715-7324-435E-8394-9CA156A3706E}.Debug|Any CPU.ActiveCfg = Debug|Any CPU
		{D4A12715-7324-435E-8394-9CA156A3706E}.Debug|Any CPU.Build.0 = Debug|Any CPU
		{D4A12715-7324-435E-8394-9CA156A3706E}.Release|Any CPU.ActiveCfg = Release|Any CPU
		{D4A12715-7324-435E-8394-9CA156A3706E}.Release|Any CPU.Build.0 = Release|Any CPU
		{75296E67-F124-4FCC-89AB-2D9E8CF00934}.Debug|Any CPU.ActiveCfg = Debug|Any CPU
		{75296E67-F124-4FCC-89AB-2D9E8CF00934}.Debug|Any CPU.Build.0 = Debug|Any CPU
		{75296E67-F124-4FCC-89AB-2D9E8CF00934}.Release|Any CPU.ActiveCfg = Release|Any CPU
		{75296E67-F124-4FCC-89AB-2D9E8CF00934}.Release|Any CPU.Build.0 = Release|Any CPU
		{318F0783-C67E-42EC-B537-E5316802EE74}.Debug|Any CPU.ActiveCfg = Debug|Any CPU
		{318F0783-C67E-42EC-B537-E5316802EE74}.Debug|Any CPU.Build.0 = Debug|Any CPU
		{318F0783-C67E-42EC-B537-E5316802EE74}.Release|Any CPU.ActiveCfg = Release|Any CPU
		{318F0783-C67E-42EC-B537-E5316802EE74}.Release|Any CPU.Build.0 = Release|Any CPU
		{2CD87397-B662-4D80-8F31-A6FB55425720}.Debug|Any CPU.ActiveCfg = Debug|Any CPU
		{2CD87397-B662-4D80-8F31-A6FB55425720}.Debug|Any CPU.Build.0 = Debug|Any CPU
		{2CD87397-B662-4D80-8F31-A6FB55425720}.Release|Any CPU.ActiveCfg = Release|Any CPU
		{2CD87397-B662-4D80-8F31-A6FB55425720}.Release|Any CPU.Build.0 = Release|Any CPU
		{1C87695C-1E09-404E-B3C5-5CFF08EDD2FC}.Debug|Any CPU.ActiveCfg = Debug|Any CPU
		{1C87695C-1E09-404E-B3C5-5CFF08EDD2FC}.Debug|Any CPU.Build.0 = Debug|Any CPU
		{1C87695C-1E09-404E-B3C5-5CFF08EDD2FC}.Release|Any CPU.ActiveCfg = Release|Any CPU
		{1C87695C-1E09-404E-B3C5-5CFF08EDD2FC}.Release|Any CPU.Build.0 = Release|Any CPU
		{6C2DD28C-8D5E-466C-991F-894FD0F88A70}.Debug|Any CPU.ActiveCfg = Debug|Any CPU
		{6C2DD28C-8D5E-466C-991F-894FD0F88A70}.Debug|Any CPU.Build.0 = Debug|Any CPU
		{6C2DD28C-8D5E-466C-991F-894FD0F88A70}.Release|Any CPU.ActiveCfg = Release|Any CPU
		{6C2DD28C-8D5E-466C-991F-894FD0F88A70}.Release|Any CPU.Build.0 = Release|Any CPU
		{3B746BCA-AB2D-4413-A8A9-10CC0E7FADF5}.Debug|Any CPU.ActiveCfg = Debug|Any CPU
		{3B746BCA-AB2D-4413-A8A9-10CC0E7FADF5}.Debug|Any CPU.Build.0 = Debug|Any CPU
		{3B746BCA-AB2D-4413-A8A9-10CC0E7FADF5}.Release|Any CPU.ActiveCfg = Release|Any CPU
		{3B746BCA-AB2D-4413-A8A9-10CC0E7FADF5}.Release|Any CPU.Build.0 = Release|Any CPU
		{FF513956-55A9-4D7A-A098-3DE8F64410A4}.Debug|Any CPU.ActiveCfg = Debug|Any CPU
		{FF513956-55A9-4D7A-A098-3DE8F64410A4}.Debug|Any CPU.Build.0 = Debug|Any CPU
		{FF513956-55A9-4D7A-A098-3DE8F64410A4}.Release|Any CPU.ActiveCfg = Release|Any CPU
		{FF513956-55A9-4D7A-A098-3DE8F64410A4}.Release|Any CPU.Build.0 = Release|Any CPU
		{726E10D8-7925-4A72-93D8-832BAA5A20D7}.Debug|Any CPU.ActiveCfg = Debug|Any CPU
		{726E10D8-7925-4A72-93D8-832BAA5A20D7}.Debug|Any CPU.Build.0 = Debug|Any CPU
		{726E10D8-7925-4A72-93D8-832BAA5A20D7}.Release|Any CPU.ActiveCfg = Release|Any CPU
		{726E10D8-7925-4A72-93D8-832BAA5A20D7}.Release|Any CPU.Build.0 = Release|Any CPU
		{EE978243-FE57-4692-9063-B3434ED69CA9}.Debug|Any CPU.ActiveCfg = Debug|Any CPU
		{EE978243-FE57-4692-9063-B3434ED69CA9}.Debug|Any CPU.Build.0 = Debug|Any CPU
		{EE978243-FE57-4692-9063-B3434ED69CA9}.Release|Any CPU.ActiveCfg = Release|Any CPU
		{EE978243-FE57-4692-9063-B3434ED69CA9}.Release|Any CPU.Build.0 = Release|Any CPU
		{801523C2-CA45-4B8C-8033-9AD4303E486F}.Debug|Any CPU.ActiveCfg = Debug|Any CPU
		{801523C2-CA45-4B8C-8033-9AD4303E486F}.Debug|Any CPU.Build.0 = Debug|Any CPU
		{801523C2-CA45-4B8C-8033-9AD4303E486F}.Release|Any CPU.ActiveCfg = Release|Any CPU
		{801523C2-CA45-4B8C-8033-9AD4303E486F}.Release|Any CPU.Build.0 = Release|Any CPU
		{5D93A818-F0BB-4920-999E-F5CB7F34E884}.Debug|Any CPU.ActiveCfg = Debug|Any CPU
		{5D93A818-F0BB-4920-999E-F5CB7F34E884}.Debug|Any CPU.Build.0 = Debug|Any CPU
		{5D93A818-F0BB-4920-999E-F5CB7F34E884}.Release|Any CPU.ActiveCfg = Release|Any CPU
		{5D93A818-F0BB-4920-999E-F5CB7F34E884}.Release|Any CPU.Build.0 = Release|Any CPU
		{2B9EF959-F314-4A38-84E7-9EF0188E0C06}.Debug|Any CPU.ActiveCfg = Debug|Any CPU
		{2B9EF959-F314-4A38-84E7-9EF0188E0C06}.Debug|Any CPU.Build.0 = Debug|Any CPU
		{2B9EF959-F314-4A38-84E7-9EF0188E0C06}.Release|Any CPU.ActiveCfg = Release|Any CPU
		{2B9EF959-F314-4A38-84E7-9EF0188E0C06}.Release|Any CPU.Build.0 = Release|Any CPU
		{2C25E587-8095-4D47-BF00-644E31675DAE}.Debug|Any CPU.ActiveCfg = Debug|Any CPU
		{2C25E587-8095-4D47-BF00-644E31675DAE}.Debug|Any CPU.Build.0 = Debug|Any CPU
		{2C25E587-8095-4D47-BF00-644E31675DAE}.Release|Any CPU.ActiveCfg = Release|Any CPU
		{2C25E587-8095-4D47-BF00-644E31675DAE}.Release|Any CPU.Build.0 = Release|Any CPU
		{0DFC58DD-3113-43AE-9A5E-157DD6017F21}.Debug|Any CPU.ActiveCfg = Debug|Any CPU
		{0DFC58DD-3113-43AE-9A5E-157DD6017F21}.Debug|Any CPU.Build.0 = Debug|Any CPU
		{0DFC58DD-3113-43AE-9A5E-157DD6017F21}.Release|Any CPU.ActiveCfg = Release|Any CPU
		{0DFC58DD-3113-43AE-9A5E-157DD6017F21}.Release|Any CPU.Build.0 = Release|Any CPU
		{C5C39BDB-2FA0-4613-B869-D898FDB60FC2}.Debug|Any CPU.ActiveCfg = Debug|Any CPU
		{C5C39BDB-2FA0-4613-B869-D898FDB60FC2}.Debug|Any CPU.Build.0 = Debug|Any CPU
		{C5C39BDB-2FA0-4613-B869-D898FDB60FC2}.Release|Any CPU.ActiveCfg = Release|Any CPU
		{C5C39BDB-2FA0-4613-B869-D898FDB60FC2}.Release|Any CPU.Build.0 = Release|Any CPU
		{0612F53C-2434-4B0A-89D9-5C7B7C353557}.Debug|Any CPU.ActiveCfg = Debug|Any CPU
		{0612F53C-2434-4B0A-89D9-5C7B7C353557}.Debug|Any CPU.Build.0 = Debug|Any CPU
		{0612F53C-2434-4B0A-89D9-5C7B7C353557}.Release|Any CPU.ActiveCfg = Release|Any CPU
		{0612F53C-2434-4B0A-89D9-5C7B7C353557}.Release|Any CPU.Build.0 = Release|Any CPU
	EndGlobalSection
	GlobalSection(SolutionProperties) = preSolution
		HideSolutionNode = FALSE
	EndGlobalSection
	GlobalSection(NestedProjects) = preSolution
		{68EB001A-D56C-45D3-A3DE-6BD61F3F4E3C} = {AD4B216F-798E-4721-BD4C-5E16FD594BBA}
		{F59868C9-2B89-4675-8717-EEE3C2ECDEE2} = {AD4B216F-798E-4721-BD4C-5E16FD594BBA}
		{D4A12715-7324-435E-8394-9CA156A3706E} = {AD4B216F-798E-4721-BD4C-5E16FD594BBA}
		{75296E67-F124-4FCC-89AB-2D9E8CF00934} = {AD4B216F-798E-4721-BD4C-5E16FD594BBA}
		{318F0783-C67E-42EC-B537-E5316802EE74} = {AD4B216F-798E-4721-BD4C-5E16FD594BBA}
		{2CD87397-B662-4D80-8F31-A6FB55425720} = {436F10D5-4F19-4535-A2C1-D3D2C56E8595}
		{1C87695C-1E09-404E-B3C5-5CFF08EDD2FC} = {436F10D5-4F19-4535-A2C1-D3D2C56E8595}
		{6C2DD28C-8D5E-466C-991F-894FD0F88A70} = {436F10D5-4F19-4535-A2C1-D3D2C56E8595}
		{3B746BCA-AB2D-4413-A8A9-10CC0E7FADF5} = {436F10D5-4F19-4535-A2C1-D3D2C56E8595}
		{FF513956-55A9-4D7A-A098-3DE8F64410A4} = {436F10D5-4F19-4535-A2C1-D3D2C56E8595}
		{726E10D8-7925-4A72-93D8-832BAA5A20D7} = {0E7F6447-29ED-45D4-83AB-1499A5FD7F2F}
		{EE978243-FE57-4692-9063-B3434ED69CA9} = {0E7F6447-29ED-45D4-83AB-1499A5FD7F2F}
		{801523C2-CA45-4B8C-8033-9AD4303E486F} = {0E7F6447-29ED-45D4-83AB-1499A5FD7F2F}
		{5D93A818-F0BB-4920-999E-F5CB7F34E884} = {0E7F6447-29ED-45D4-83AB-1499A5FD7F2F}
		{2B9EF959-F314-4A38-84E7-9EF0188E0C06} = {7A99BA07-A88B-4946-9087-46FF1BCDD0AC}
		{2C25E587-8095-4D47-BF00-644E31675DAE} = {7A99BA07-A88B-4946-9087-46FF1BCDD0AC}
		{0DFC58DD-3113-43AE-9A5E-157DD6017F21} = {7A99BA07-A88B-4946-9087-46FF1BCDD0AC}
		{C5C39BDB-2FA0-4613-B869-D898FDB60FC2} = {7A99BA07-A88B-4946-9087-46FF1BCDD0AC}
		{0612F53C-2434-4B0A-89D9-5C7B7C353557} = {CCA82B09-4BD2-4881-B1D0-A5C39318B235}
	EndGlobalSection
	GlobalSection(ExtensibilityGlobals) = postSolution
		SolutionGuid = {C83F146C-0470-4803-90EA-6C27063B1983}
	EndGlobalSection
EndGlobal
